
Microsoft Visual Studio Solution File, Format Version 11.00
# Visual Studio 2010
# SharpDevelop 5.1
Project("{FAE04EC0-301F-11D3-BF4B-00C04F79EFBC}") = "SudokuSemestralka_2", "SudokuSemestralka_2\SudokuSemestralka_2.csproj", "{9A55E049-CEA9-416D-A1AB-3C2DF5A6D3ED}"
EndProject
Global
	GlobalSection(SolutionConfigurationPlatforms) = preSolution
		Debug|Any CPU = Debug|Any CPU
		Release|Any CPU = Release|Any CPU
	EndGlobalSection
	GlobalSection(ProjectConfigurationPlatforms) = postSolution
		{9A55E049-CEA9-416D-A1AB-3C2DF5A6D3ED}.Debug|Any CPU.ActiveCfg = Debug|Any CPU
		{9A55E049-CEA9-416D-A1AB-3C2DF5A6D3ED}.Debug|Any CPU.Build.0 = Debug|Any CPU
		{9A55E049-CEA9-416D-A1AB-3C2DF5A6D3ED}.Release|Any CPU.ActiveCfg = Release|Any CPU
		{9A55E049-CEA9-416D-A1AB-3C2DF5A6D3ED}.Release|Any CPU.Build.0 = Release|Any CPU
	EndGlobalSection
EndGlobal
